
Microsoft Visual Studio Solution File, Format Version 12.00
# Visual Studio Version 17
VisualStudioVersion = 17.4.33213.308
MinimumVisualStudioVersion = 10.0.40219.1
Project("{FAE04EC0-301F-11D3-BF4B-00C04F79EFBC}") = "CodaPrioritaria", "CodaPrioritaria\CodaPrioritaria.csproj", "{541A99CF-861F-44D0-8D71-ECF86A940855}"
EndProject
Global
	GlobalSection(SolutionConfigurationPlatforms) = preSolution
		Debug|Any CPU = Debug|Any CPU
		Release|Any CPU = Release|Any CPU
	EndGlobalSection
	GlobalSection(ProjectConfigurationPlatforms) = postSolution
		{541A99CF-861F-44D0-8D71-ECF86A940855}.Debug|Any CPU.ActiveCfg = Debug|Any CPU
		{541A99CF-861F-44D0-8D71-ECF86A940855}.Debug|Any CPU.Build.0 = Debug|Any CPU
		{541A99CF-861F-44D0-8D71-ECF86A940855}.Release|Any CPU.ActiveCfg = Release|Any CPU
		{541A99CF-861F-44D0-8D71-ECF86A940855}.Release|Any CPU.Build.0 = Release|Any CPU
	EndGlobalSection
	GlobalSection(SolutionProperties) = preSolution
		HideSolutionNode = FALSE
	EndGlobalSection
	GlobalSection(ExtensibilityGlobals) = postSolution
		SolutionGuid = {0B686734-8DEC-451B-AA56-6AC7D58E7242}
	EndGlobalSection
EndGlobal
